[[dependencies]]
name = "@openzeppelin-contracts"
version = "5.6.1"
url = "https://codeload.github.com/OpenZeppelin/openzeppelin-contracts/zip/refs/tags/v5.6.1"
checksum = "fc61c54ba5fb643f9e314ddfbd819b3f5dff4fa0091ec77f8d4fdeb5d92fc169"
integrity = "150b7d8f3be061f9ddfc807a616fa60f4a47eb59777de72e84dd401a3eca0ad9"
